
Microsoft Visual Studio Solution File, Format Version 12.00
# Visual Studio Version 16
VisualStudioVersion = 16.0.32802.440
MinimumVisualStudioVersion = 10.0.40219.1
Project("{FAE04EC0-301F-11D3-BF4B-00C04F79EFBC}") = "shopLevents", "shopLevents\shopLevents.csproj", "{6B63F55D-0835-447E-92E0-1D91B2324F98}"
EndProject
Global
	GlobalSection(SolutionConfigurationPlatforms) = preSolution
		Debug|Any CPU = Debug|Any CPU
		Release|Any CPU = Release|Any CPU
	EndGlobalSection
	GlobalSection(ProjectConfigurationPlatforms) = postSolution
		{6B63F55D-0835-447E-92E0-1D91B2324F98}.Debug|Any CPU.ActiveCfg = Debug|Any CPU
		{6B63F55D-0835-447E-92E0-1D91B2324F98}.Debug|Any CPU.Build.0 = Debug|Any CPU
		{6B63F55D-0835-447E-92E0-1D91B2324F98}.Release|Any CPU.ActiveCfg = Release|Any CPU
		{6B63F55D-0835-447E-92E0-1D91B2324F98}.Release|Any CPU.Build.0 = Release|Any CPU
	EndGlobalSection
	GlobalSection(SolutionProperties) = preSolution
		HideSolutionNode = FALSE
	EndGlobalSection
	GlobalSection(ExtensibilityGlobals) = postSolution
		SolutionGuid = {91AA4B8D-4115-4DFD-ADAB-5417362712C7}
	EndGlobalSection
EndGlobal
